// !$*UTF8*$!
{
	archiveVersion = 1;
	classes = {
	};
	objectVersion = 50;
	objects = {

/* Begin PBXBuildFile section */
		A25837B2241D78EA0085CC58 /* AppDelegate.swift in Sources */ = {isa = PBXBuildFile; fileRef = A25837B1241D78EA0085CC58 /* AppDelegate.swift */; };
		A25837B4241D78EA0085CC58 /* SceneDelegate.swift in Sources */ = {isa = PBXBuildFile; fileRef = A25837B3241D78EA0085CC58 /* SceneDelegate.swift */; };
		A25837B6241D78EA0085CC58 /* ViewController.swift in Sources */ = {isa = PBXBuildFile; fileRef = A25837B5241D78EA0085CC58 /* ViewController.swift */; };
		A25837BC241D78EA0085CC58 /* Xylophone.xcdatamodeld in Sources */ = {isa = PBXBuildFile; fileRef = A25837BA241D78EA0085CC58 /* Xylophone.xcdatamodeld */; };
		A25837C1241D78EC0085CC58 /* LaunchScreen.storyboard in Resources */ = {isa = PBXBuildFile; fileRef = A25837BF241D78EC0085CC58 /* LaunchScreen.storyboard */; };
		A25837C9241D79850085CC58 /* Assets.xcassets in Resources */ = {isa = PBXBuildFile; fileRef = A25837C8241D79840085CC58 /* Assets.xcassets */; };
		A25837CB241D79AD0085CC58 /* Main.storyboard in Resources */ = {isa = PBXBuildFile; fileRef = A25837CA241D79AD0085CC58 /* Main.storyboard */; };
		A25837D6241F8DA10085CC58 /* C.wav in Resources */ = {isa = PBXBuildFile; fileRef = A25837CF241F8DA00085CC58 /* C.wav */; };
		A25837D7241F8DA10085CC58 /* G.wav in Resources */ = {isa = PBXBuildFile; fileRef = A25837D0241F8DA00085CC58 /* G.wav */; };
		A25837D8241F8DA10085CC58 /* A.wav in Resources */ = {isa = PBXBuildFile; fileRef = A25837D1241F8DA00085CC58 /* A.wav */; };
		A25837D9241F8DA10085CC58 /* D.wav in Resources */ = {isa = PBXBuildFile; fileRef = A25837D2241F8DA10085CC58 /* D.wav */; };
		A25837DA241F8DA10085CC58 /* F.wav in Resources */ = {isa = PBXBuildFile; fileRef = A25837D3241F8DA10085CC58 /* F.wav */; };
		A25837DB241F8DA10085CC58 /* E.wav in Resources */ = {isa = PBXBuildFile; fileRef = A25837D4241F8DA10085CC58 /* E.wav */; };
		A25837DC241F8DA10085CC58 /* B.wav in Resources */ = {isa = PBXBuildFile; fileRef = A25837D5241F8DA10085CC58 /* B.wav */; };
/* End PBXBuildFile section */

/* Begin PBXFileReference section */
		A25837AE241D78EA0085CC58 /* Xylophone.app */ = {isa = PBXFileReference; explicitFileType = wrapper.application; includeInIndex = 0; path = Xylophone.app; sourceTree = BUILT_PRODUCTS_DIR; };
		A25837B1241D78EA0085CC58 /* AppDelegate.swift */ = {isa = PBXFileReference; lastKnownFileType = sourcecode.swift; path = AppDelegate.swift; sourceTree = "<group>"; };
		A25837B3241D78EA0085CC58 /* SceneDelegate.swift */ = {isa = PBXFileReference; lastKnownFileType = sourcecode.swift; path = SceneDelegate.swift; sourceTree = "<group>"; };
		A25837B5241D78EA0085CC58 /* ViewController.swift */ = {isa = PBXFileReference; lastKnownFileType = sourcecode.swift; path = ViewController.swift; sourceTree = "<group>"; };
		A25837BB241D78EA0085CC58 /* Xylophone.xcdatamodel */ = {isa = PBXFileReference; lastKnownFileType = wrapper.xcdatamodel; path = Xylophone.xcdatamodel; sourceTree = "<group>"; };
		A25837C0241D78EC0085CC58 /* Base */ = {isa = PBXFileReference; lastKnownFileType = file.storyboard; name = Base; path = Base.lproj/LaunchScreen.storyboard; sourceTree = "<group>"; };
		A25837C2241D78EC0085CC58 /* Info.plist */ = {isa = PBXFileReference; lastKnownFileType = text.plist.xml; path = Info.plist; sourceTree = "<group>"; };
		A25837C8241D79840085CC58 /* Assets.xcassets */ = {isa = PBXFileReference; lastKnownFileType = folder.assetcatalog; path = Assets.xcassets; sourceTree = "<group>"; };
		A25837CA241D79AD0085CC58 /* Main.storyboard */ = {isa = PBXFileReference; fileEncoding = 4; lastKnownFileType = file.storyboard; path = Main.storyboard; sourceTree = "<group>"; };
		A25837CF241F8DA00085CC58 /* C.wav */ = {isa = PBXFileReference; lastKnownFileType = audio.wav; path = C.wav; sourceTree = "<group>"; };
		A25837D0241F8DA00085CC58 /* G.wav */ = {isa = PBXFileReference; lastKnownFileType = audio.wav; path = G.wav; sourceTree = "<group>"; };
		A25837D1241F8DA00085CC58 /* A.wav */ = {isa = PBXFileReference; lastKnownFileType = audio.wav; path = A.wav; sourceTree = "<group>"; };
		A25837D2241F8DA10085CC58 /* D.wav */ = {isa = PBXFileReference; lastKnownFileType = audio.wav; path = D.wav; sourceTree = "<group>"; };
		A25837D3241F8DA10085CC58 /* F.wav */ = {isa = PBXFileReference; lastKnownFileType = audio.wav; path = F.wav; sourceTree = "<group>"; };
		A25837D4241F8DA10085CC58 /* E.wav */ = {isa = PBXFileReference; lastKnownFileType = audio.wav; path = E.wav; sourceTree = "<group>"; };
		A25837D5241F8DA10085CC58 /* B.wav */ = {isa = PBXFileReference; lastKnownFileType = audio.wav; path = B.wav; sourceTree = "<group>"; };
/* End PBXFileReference section */

/* Begin PBXFrameworksBuildPhase section */
		A25837AB241D78EA0085CC58 /* Frameworks */ = {
			isa = PBXFrameworksBuildPhase;
			buildActionMask = 2147483647;
			files = (
			);
			runOnlyForDeploymentPostprocessing = 0;
		};
/* End PBXFrameworksBuildPhase section */

/* Begin PBXGroup section */
		A25837A5241D78EA0085CC58 = {
			isa = PBXGroup;
			children = (
				A25837B0241D78EA0085CC58 /* Xylophone */,
				A25837AF241D78EA0085CC58 /* Products */,
			);
			sourceTree = "<group>";
		};
		A25837AF241D78EA0085CC58 /* Products */ = {
			isa = PBXGroup;
			children = (
				A25837AE241D78EA0085CC58 /* Xylophone.app */,
			);
			name = Products;
			sourceTree = "<group>";
		};
		A25837B0241D78EA0085CC58 /* Xylophone */ = {
			isa = PBXGroup;
			children = (
				A25837B1241D78EA0085CC58 /* AppDelegate.swift */,
				A25837B3241D78EA0085CC58 /* SceneDelegate.swift */,
				A25837B5241D78EA0085CC58 /* ViewController.swift */,
				A25837C8241D79840085CC58 /* Assets.xcassets */,
				A25837CA241D79AD0085CC58 /* Main.storyboard */,
				A25837BF241D78EC0085CC58 /* LaunchScreen.storyboard */,
				A25837C2241D78EC0085CC58 /* Info.plist */,
				A25837BA241D78EA0085CC58 /* Xylophone.xcdatamodeld */,
				A25837CE241F8D800085CC58 /* Sounds */,
			);
			path = Xylophone;
			sourceTree = "<group>";
		};
		A25837CE241F8D800085CC58 /* Sounds */ = {
			isa = PBXGroup;
			children = (
				A25837D1241F8DA00085CC58 /* A.wav */,
				A25837D5241F8DA10085CC58 /* B.wav */,
				A25837CF241F8DA00085CC58 /* C.wav */,
				A25837D2241F8DA10085CC58 /* D.wav */,
				A25837D4241F8DA10085CC58 /* E.wav */,
				A25837D3241F8DA10085CC58 /* F.wav */,
				A25837D0241F8DA00085CC58 /* G.wav */,
			);
			name = Sounds;
			sourceTree = "<group>";
		};
/* End PBXGroup section */

/* Begin PBXNativeTarget section */
		A25837AD241D78EA0085CC58 /* Xylophone */ = {
			isa = PBXNativeTarget;
			buildConfigurationList = A25837C5241D78EC0085CC58 /* Build configuration list for PBXNativeTarget "Xylophone" */;
			buildPhases = (
				A25837AA241D78EA0085CC58 /* Sources */,
				A25837AB241D78EA0085CC58 /* Frameworks */,
				A25837AC241D78EA0085CC58 /* Resources */,
			);
			buildRules = (
			);
			dependencies = (
			);
			name = Xylophone;
			productName = Xylophone;
			productReference = A25837AE241D78EA0085CC58 /* Xylophone.app */;
			productType = "com.apple.product-type.application";
		};
/* End PBXNativeTarget section */

/* Begin PBXProject section */
		A25837A6241D78EA0085CC58 /* Project object */ = {
			isa = PBXProject;
			attributes = {
				LastSwiftUpdateCheck = 1130;
				LastUpgradeCheck = 1130;
				ORGANIZATIONNAME = "Sarowar H. Mishkat";
				TargetAttributes = {
					A25837AD241D78EA0085CC58 = {
						CreatedOnToolsVersion = 11.3;
					};
				};
			};
			buildConfigurationList = A25837A9241D78EA0085CC58 /* Build configuration list for PBXProject "Xylophone" */;
			compatibilityVersion = "Xcode 9.3";
			developmentRegion = en;
			hasScannedForEncodings = 0;
			knownRegions = (
				en,
				Base,
			);
			mainGroup = A25837A5241D78EA0085CC58;
			productRefGroup = A25837AF241D78EA0085CC58 /* Products */;
			projectDirPath = "";
			projectRoot = "";
			targets = (
				A25837AD241D78EA0085CC58 /* Xylophone */,
			);
		};
/* End PBXProject section */

/* Begin PBXResourcesBuildPhase section */
		A25837AC241D78EA0085CC58 /* Resources */ = {
			isa = PBXResourcesBuildPhase;
			buildActionMask = 2147483647;
			files = (
				A25837D8241F8DA10085CC58 /* A.wav in Resources */,
				A25837DC241F8DA10085CC58 /* B.wav in Resources */,
				A25837D6241F8DA10085CC58 /* C.wav in Resources */,
				A25837D9241F8DA10085CC58 /* D.wav in Resources */,
				A25837D7241F8DA10085CC58 /* G.wav in Resources */,
				A25837CB241D79AD0085CC58 /* Main.storyboard in Resources */,
				A25837C1241D78EC0085CC58 /* LaunchScreen.storyboard in Resources */,
				A25837DB241F8DA10085CC58 /* E.wav in Resources */,
				A25837C9241D79850085CC58 /* Assets.xcassets in Resources */,
				A25837DA241F8DA10085CC58 /* F.wav in Resources */,
			);
			runOnlyForDeploymentPostprocessing = 0;
		};
/* End PBXResourcesBuildPhase section */

/* Begin PBXSourcesBuildPhase section */
		A25837AA241D78EA0085CC58 /* Sources */ = {
			isa = PBXSourcesBuildPhase;
			buildActionMask = 2147483647;
			files = (
				A25837BC241D78EA0085CC58 /* Xylophone.xcdatamodeld in Sources */,
				A25837B6241D78EA0085CC58 /* ViewController.swift in Sources */,
				A25837B2241D78EA0085CC58 /* AppDelegate.swift in Sources */,
				A25837B4241D78EA0085CC58 /* SceneDelegate.swift in Sources */,
			);
			runOnlyForDeploymentPostprocessing = 0;
		};
/* End PBXSourcesBuildPhase section */

/* Begin PBXVariantGroup section */
		A25837BF241D78EC0085CC58 /* LaunchScreen.storyboard */ = {
			isa = PBXVariantGroup;
			children = (
				A25837C0241D78EC0085CC58 /* Base */,
			);
			name = LaunchScreen.storyboard;
			sourceTree = "<group>";
		};
/* End PBXVariantGroup section */

/* Begin XCBuildConfiguration section */
		A25837C3241D78EC0085CC58 /* Debug */ = {
			isa = XCBuildConfiguration;
			buildSettings = {
				ALWAYS_SEARCH_USER_PATHS = NO;
				CLANG_ANALYZER_NONNULL = YES;
				CLANG_ANALYZER_NUMBER_OBJECT_CONVERSION = YES_AGGRESSIVE;
				CLANG_CXX_LANGUAGE_STANDARD = "gnu++14";
				CLANG_CXX_LIBRARY = "libc++";
				CLANG_ENABLE_MODULES = YES;
				CLANG_ENABLE_OBJC_ARC = YES;
				CLANG_ENABLE_OBJC_WEAK = YES;
				CLANG_WARN_BLOCK_CAPTURE_AUTORELEASING = YES;
				CLANG_WARN_BOOL_CONVERSION = YES;
				CLANG_WARN_COMMA = YES;
				CLANG_WARN_CONSTANT_CONVERSION = YES;
				CLANG_WARN_DEPRECATED_OBJC_IMPLEMENTATIONS = YES;
				CLANG_WARN_DIRECT_OBJC_ISA_USAGE = YES_ERROR;
				CLANG_WARN_DOCUMENTATION_COMMENTS = YES;
				CLANG_WARN_EMPTY_BODY = YES;
				CLANG_WARN_ENUM_CONVERSION = YES;
				CLANG_WARN_INFINITE_RECURSION = YES;
				CLANG_WARN_INT_CONVERSION = YES;
				CLANG_WARN_NON_LITERAL_NULL_CONVERSION = YES;
				CLANG_WARN_OBJC_IMPLICIT_RETAIN_SELF = YES;
				CLANG_WARN_OBJC_LITERAL_CONVERSION = YES;
				CLANG_WARN_OBJC_ROOT_CLASS = YES_ERROR;
				CLANG_WARN_RANGE_LOOP_ANALYSIS = YES;
				CLANG_WARN_STRICT_PROTOTYPES = YES;
				CLANG_WARN_SUSPICIOUS_MOVE = YES;
				CLANG_WARN_UNGUARDED_AVAILABILITY = YES_AGGRESSIVE;
				CLANG_WARN_UNREACHABLE_CODE = YES;
				CLANG_WARN__DUPLICATE_METHOD_MATCH = YES;
				COPY_PHASE_STRIP = NO;
				DEBUG_INFORMATION_FORMAT = dwarf;
				ENABLE_STRICT_OBJC_MSGSEND = YES;
				ENABLE_TESTABILITY = YES;
				GCC_C_LANGUAGE_STANDARD = gnu11;
				GCC_DYNAMIC_NO_PIC = NO;
				GCC_NO_COMMON_BLOCKS = YES;
				GCC_OPTIMIZATION_LEVEL = 0;
				GCC_PREPROCESSOR_DEFINITIONS = (
					"DEBUG=1",
					"$(inherited)",
				);
				GCC_WARN_64_TO_32_BIT_CONVERSION = YES;
				GCC_WARN_ABOUT_RETURN_TYPE = YES_ERROR;
				GCC_WARN_UNDECLARED_SELECTOR = YES;
				GCC_WARN_UNINITIALIZED_AUTOS = YES_AGGRESSIVE;
				GCC_WARN_UNUSED_FUNCTION = YES;
				GCC_WARN_UNUSED_VARIABLE = YES;
				IPHONEOS_DEPLOYMENT_TARGET = 13.2;
				MTL_ENABLE_DEBUG_INFO = INCLUDE_SOURCE;
				MTL_FAST_MATH = YES;
				ONLY_ACTIVE_ARCH = YES;
				SDKROOT = iphoneos;
				SWIFT_ACTIVE_COMPILATION_CONDITIONS = DEBUG;
				SWIFT_OPTIMIZATION_LEVEL = "-Onone";
			};
			name = Debug;
		};
		A25837C4241D78EC0085CC58 /* Release */ = {
			isa = XCBuildConfiguration;
			buildSettings = {
				ALWAYS_SEARCH_USER_PATHS = NO;
				CLANG_ANALYZER_NONNULL = YES;
				CLANG_ANALYZER_NUMBER_OBJECT_CONVERSION = YES_AGGRESSIVE;
				CLANG_CXX_LANGUAGE_STANDARD = "gnu++14";
				CLANG_CXX_LIBRARY = "libc++";
				CLANG_ENABLE_MODULES = YES;
				CLANG_ENABLE_OBJC_ARC = YES;
				CLANG_ENABLE_OBJC_WEAK = YES;
				CLANG_WARN_BLOCK_CAPTURE_AUTORELEASING = YES;
				CLANG_WARN_BOOL_CONVERSION = YES;
				CLANG_WARN_COMMA = YES;
				CLANG_WARN_CONSTANT_CONVERSION = YES;
				CLANG_WARN_DEPRECATED_OBJC_IMPLEMENTATIONS = YES;
				CLANG_WARN_DIRECT_OBJC_ISA_USAGE = YES_ERROR;
				CLANG_WARN_DOCUMENTATION_COMMENTS = YES;
				CLANG_WARN_EMPTY_BODY = YES;
				CLANG_WARN_ENUM_CONVERSION = YES;
				CLANG_WARN_INFINITE_RECURSION = YES;
				CLANG_WARN_INT_CONVERSION = YES;
				CLANG_WARN_NON_LITERAL_NULL_CONVERSION = YES;
				CLANG_WARN_OBJC_IMPLICIT_RETAIN_SELF = YES;
				CLANG_WARN_OBJC_LITERAL_CONVERSION = YES;
				CLANG_WARN_OBJC_ROOT_CLASS = YES_ERROR;
				CLANG_WARN_RANGE_LOOP_ANALYSIS = YES;
				CLANG_WARN_STRICT_PROTOTYPES = YES;
				CLANG_WARN_SUSPICIOUS_MOVE = YES;
				CLANG_WARN_UNGUARDED_AVAILABILITY = YES_AGGRESSIVE;
				CLANG_WARN_UNREACHABLE_CODE = YES;
				CLANG_WARN__DUPLICATE_METHOD_MATCH = YES;
				COPY_PHASE_STRIP = NO;
				DEBUG_INFORMATION_FORMAT = "dwarf-with-dsym";
				ENABLE_NS_ASSERTIONS = NO;
				ENABLE_STRICT_OBJC_MSGSEND = YES;
				GCC_C_LANGUAGE_STANDARD = gnu11;
				GCC_NO_COMMON_BLOCKS = YES;
				GCC_WARN_64_TO_32_BIT_CONVERSION = YES;
				GCC_WARN_ABOUT_RETURN_TYPE = YES_ERROR;
				GCC_WARN_UNDECLARED_SELECTOR = YES;
				GCC_WARN_UNINITIALIZED_AUTOS = YES_AGGRESSIVE;
				GCC_WARN_UNUSED_FUNCTION = YES;
				GCC_WARN_UNUSED_VARIABLE = YES;
				IPHONEOS_DEPLOYMENT_TARGET = 13.2;
				MTL_ENABLE_DEBUG_INFO = NO;
				MTL_FAST_MATH = YES;
				SDKROOT = iphoneos;
				SWIFT_COMPILATION_MODE = wholemodule;
				SWIFT_OPTIMIZATION_LEVEL = "-O";
				VALIDATE_PRODUCT = YES;
			};
			name = Release;
		};
		A25837C6241D78EC0085CC58 /* Debug */ = {
			isa = XCBuildConfiguration;
			buildSettings = {
				ASSETCATALOG_COMPILER_APPICON_NAME = AppIcon;
				CODE_SIGN_STYLE = Automatic;
				INFOPLIST_FILE = Xylophone/Info.plist;
				LD_RUNPATH_SEARCH_PATHS = (
					"$(inherited)",
					"@executable_path/Frameworks",
				);
				PRODUCT_BUNDLE_IDENTIFIER = me.shmishkat.Xylophone;
				PRODUCT_NAME = "$(TARGET_NAME)";
				SWIFT_VERSION = 5.0;
				TARGETED_DEVICE_FAMILY = "1,2";
			};
			name = Debug;
		};
		A25837C7241D78EC0085CC58 /* Release */ = {
			isa = XCBuildConfiguration;
			buildSettings = {
				ASSETCATALOG_COMPILER_APPICON_NAME = AppIcon;
				CODE_SIGN_STYLE = Automatic;
				INFOPLIST_FILE = Xylophone/Info.plist;
				LD_RUNPATH_SEARCH_PATHS = (
					"$(inherited)",
					"@executable_path/Frameworks",
				);
				PRODUCT_BUNDLE_IDENTIFIER = me.shmishkat.Xylophone;
				PRODUCT_NAME = "$(TARGET_NAME)";
				SWIFT_VERSION = 5.0;
				TARGETED_DEVICE_FAMILY = "1,2";
			};
			name = Release;
		};
/* End XCBuildConfiguration section */

/* Begin XCConfigurationList section */
		A25837A9241D78EA0085CC58 /* Build configuration list for PBXProject "Xylophone" */ = {
			isa = XCConfigurationList;
			buildConfigurations = (
				A25837C3241D78EC0085CC58 /* Debug */,
				A25837C4241D78EC0085CC58 /* Release */,
			);
			defaultConfigurationIsVisible = 0;
			defaultConfigurationName = Release;
		};
		A25837C5241D78EC0085CC58 /* Build configuration list for PBXNativeTarget "Xylophone" */ = {
			isa = XCConfigurationList;
			buildConfigurations = (
				A25837C6241D78EC0085CC58 /* Debug */,
				A25837C7241D78EC0085CC58 /* Release */,
			);
			defaultConfigurationIsVisible = 0;
			defaultConfigurationName = Release;
		};
/* End XCConfigurationList section */

/* Begin XCVersionGroup section */
		A25837BA241D78EA0085CC58 /* Xylophone.xcdatamodeld */ = {
			isa = XCVersionGroup;
			children = (
				A25837BB241D78EA0085CC58 /* Xylophone.xcdatamodel */,
			);
			currentVersion = A25837BB241D78EA0085CC58 /* Xylophone.xcdatamodel */;
			path = Xylophone.xcdatamodeld;
			sourceTree = "<group>";
			versionGroupType = wrapper.xcdatamodel;
		};
/* End XCVersionGroup section */
	};
	rootObject = A25837A6241D78EA0085CC58 /* Project object */;
}
